
Microsoft Visual Studio Solution File, Format Version 12.00
# Visual Studio Version 17
VisualStudioVersion = 17.9.34701.34
MinimumVisualStudioVersion = 10.0.40219.1
Project("{FAE04EC0-301F-11D3-BF4B-00C04F79EFBC}") = "PR_2.2", "PR_2.2.csproj", "{D72992FF-3FEF-42CD-8706-702897DC833D}"
EndProject
Global
	GlobalSection(SolutionConfigurationPlatforms) = preSolution
		Debug|Any CPU = Debug|Any CPU
		Release|Any CPU = Release|Any CPU
	EndGlobalSection
	GlobalSection(ProjectConfigurationPlatforms) = postSolution
		{D72992FF-3FEF-42CD-8706-702897DC833D}.Debug|Any CPU.ActiveCfg = Debug|Any CPU
		{D72992FF-3FEF-42CD-8706-702897DC833D}.Debug|Any CPU.Build.0 = Debug|Any CPU
		{D72992FF-3FEF-42CD-8706-702897DC833D}.Release|Any CPU.ActiveCfg = Release|Any CPU
		{D72992FF-3FEF-42CD-8706-702897DC833D}.Release|Any CPU.Build.0 = Release|Any CPU
	EndGlobalSection
	GlobalSection(SolutionProperties) = preSolution
		HideSolutionNode = FALSE
	EndGlobalSection
	GlobalSection(ExtensibilityGlobals) = postSolution
		SolutionGuid = {AE23271C-0F64-4B5C-840F-593E2B014EA4}
	EndGlobalSection
EndGlobal
